// !$*UTF8*$!
{
	archiveVersion = 1;
	classes = {
	};
	objectVersion = 46;
	objects = {

/* Begin PBXBuildFile section */
		28B29AB41EA3A53500B96828 /* main.m in Sources */ = {isa = PBXBuildFile; fileRef = 28B29AB31EA3A53500B96828 /* main.m */; };
		28B29AB71EA3A53500B96828 /* AppDelegate.m in Sources */ = {isa = PBXBuildFile; fileRef = 28B29AB61EA3A53500B96828 /* AppDelegate.m */; };
		28B29ABA1EA3A53500B96828 /* ViewController.m in Sources */ = {isa = PBXBuildFile; fileRef = 28B29AB91EA3A53500B96828 /* ViewController.m */; };
		28B29ABD1EA3A53500B96828 /* Main.storyboard in Resources */ = {isa = PBXBuildFile; fileRef = 28B29ABB1EA3A53500B96828 /* Main.storyboard */; };
		28B29ABF1EA3A53500B96828 /* Assets.xcassets in Resources */ = {isa = PBXBuildFile; fileRef = 28B29ABE1EA3A53500B96828 /* Assets.xcassets */; };
		28B29AC21EA3A53500B96828 /* LaunchScreen.storyboard in Resources */ = {isa = PBXBuildFile; fileRef = 28B29AC01EA3A53500B96828 /* LaunchScreen.storyboard */; };
		28B29ACA1EA3B2D400B96828 /* MarvelKeys.m in Sources */ = {isa = PBXBuildFile; fileRef = 28B29AC91EA3B2D400B96828 /* MarvelKeys.m */; };
		28B29B221EA6349400B96828 /* Info-Tests.plist in Resources */ = {isa = PBXBuildFile; fileRef = 28B29B201EA6349400B96828 /* Info-Tests.plist */; };
		28B29B231EA6349400B96828 /* TDDSampleAppTests.m in Sources */ = {isa = PBXBuildFile; fileRef = 28B29B211EA6349400B96828 /* TDDSampleAppTests.m */; };
		28B29B261EA65C2600B96828 /* TestingAppDelegate.m in Sources */ = {isa = PBXBuildFile; fileRef = 28B29B251EA65C2600B96828 /* TestingAppDelegate.m */; };
/* End PBXBuildFile section */

/* Begin PBXContainerItemProxy section */
		28B29AD41EA62F8300B96828 /* PBXContainerItemProxy */ = {
			isa = PBXContainerItemProxy;
			containerPortal = 28B29AA71EA3A53500B96828 /* Project object */;
			proxyType = 1;
			remoteGlobalIDString = 28B29AAE1EA3A53500B96828;
			remoteInfo = TDDSampleApp;
		};
/* End PBXContainerItemProxy section */

/* Begin PBXFileReference section */
		28B29AAF1EA3A53500B96828 /* TDDSampleApp.app */ = {isa = PBXFileReference; explicitFileType = wrapper.application; includeInIndex = 0; path = TDDSampleApp.app; sourceTree = BUILT_PRODUCTS_DIR; };
		28B29AB31EA3A53500B96828 /* main.m */ = {isa = PBXFileReference; lastKnownFileType = sourcecode.c.objc; path = main.m; sourceTree = "<group>"; };
		28B29AB51EA3A53500B96828 /* AppDelegate.h */ = {isa = PBXFileReference; lastKnownFileType = sourcecode.c.h; path = AppDelegate.h; sourceTree = "<group>"; };
		28B29AB61EA3A53500B96828 /* AppDelegate.m */ = {isa = PBXFileReference; lastKnownFileType = sourcecode.c.objc; path = AppDelegate.m; sourceTree = "<group>"; };
		28B29AB81EA3A53500B96828 /* ViewController.h */ = {isa = PBXFileReference; lastKnownFileType = sourcecode.c.h; path = ViewController.h; sourceTree = "<group>"; };
		28B29AB91EA3A53500B96828 /* ViewController.m */ = {isa = PBXFileReference; lastKnownFileType = sourcecode.c.objc; path = ViewController.m; sourceTree = "<group>"; };
		28B29ABC1EA3A53500B96828 /* Base */ = {isa = PBXFileReference; lastKnownFileType = file.storyboard; name = Base; path = Base.lproj/Main.storyboard; sourceTree = "<group>"; };
		28B29ABE1EA3A53500B96828 /* Assets.xcassets */ = {isa = PBXFileReference; lastKnownFileType = folder.assetcatalog; path = Assets.xcassets; sourceTree = "<group>"; };
		28B29AC11EA3A53500B96828 /* Base */ = {isa = PBXFileReference; lastKnownFileType = file.storyboard; name = Base; path = Base.lproj/LaunchScreen.storyboard; sourceTree = "<group>"; };
		28B29AC31EA3A53500B96828 /* Info.plist */ = {isa = PBXFileReference; lastKnownFileType = text.plist.xml; path = Info.plist; sourceTree = "<group>"; };
		28B29AC91EA3B2D400B96828 /* MarvelKeys.m */ = {isa = PBXFileReference; fileEncoding = 4; lastKnownFileType = sourcecode.c.objc; path = MarvelKeys.m; sourceTree = "<group>"; };
		28B29ACF1EA62F8300B96828 /* TDDSampleAppTests.xctest */ = {isa = PBXFileReference; explicitFileType = wrapper.cfbundle; includeInIndex = 0; path = TDDSampleAppTests.xctest; sourceTree = BUILT_PRODUCTS_DIR; };
		28B29B201EA6349400B96828 /* Info-Tests.plist */ = {isa = PBXFileReference; fileEncoding = 4; lastKnownFileType = text.plist.xml; name = "Info-Tests.plist"; path = "TDDSampleAppTests/Info-Tests.plist"; sourceTree = SOURCE_ROOT; };
		28B29B211EA6349400B96828 /* TDDSampleAppTests.m */ = {isa = PBXFileReference; fileEncoding = 4; lastKnownFileType = sourcecode.c.objc; name = TDDSampleAppTests.m; path = TDDSampleAppTests/TDDSampleAppTests.m; sourceTree = SOURCE_ROOT; };
		28B29B241EA65C2600B96828 /* TestingAppDelegate.h */ = {isa = PBXFileReference; fileEncoding = 4; lastKnownFileType = sourcecode.c.h; path = TestingAppDelegate.h; sourceTree = "<group>"; };
		28B29B251EA65C2600B96828 /* TestingAppDelegate.m */ = {isa = PBXFileReference; fileEncoding = 4; lastKnownFileType = sourcecode.c.objc; path = TestingAppDelegate.m; sourceTree = "<group>"; };
/* End PBXFileReference section */

/* Begin PBXFrameworksBuildPhase section */
		28B29AAC1EA3A53500B96828 /* Frameworks */ = {
			isa = PBXFrameworksBuildPhase;
			buildActionMask = 2147483647;
			files = (
			);
			runOnlyForDeploymentPostprocessing = 0;
		};
		28B29ACC1EA62F8300B96828 /* Frameworks */ = {
			isa = PBXFrameworksBuildPhase;
			buildActionMask = 2147483647;
			files = (
			);
			runOnlyForDeploymentPostprocessing = 0;
		};
/* End PBXFrameworksBuildPhase section */

/* Begin PBXGroup section */
		28B29AA61EA3A53500B96828 = {
			isa = PBXGroup;
			children = (
				28B29AB11EA3A53500B96828 /* TDDSampleApp */,
				28B29AB01EA3A53500B96828 /* Products */,
			);
			sourceTree = "<group>";
		};
		28B29AB01EA3A53500B96828 /* Products */ = {
			isa = PBXGroup;
			children = (
				28B29AAF1EA3A53500B96828 /* TDDSampleApp.app */,
				28B29ACF1EA62F8300B96828 /* TDDSampleAppTests.xctest */,
			);
			name = Products;
			sourceTree = "<group>";
		};
		28B29AB11EA3A53500B96828 /* TDDSampleApp */ = {
			isa = PBXGroup;
			children = (
				28B29AC91EA3B2D400B96828 /* MarvelKeys.m */,
				28B29AB51EA3A53500B96828 /* AppDelegate.h */,
				28B29AB61EA3A53500B96828 /* AppDelegate.m */,
				28B29AB81EA3A53500B96828 /* ViewController.h */,
				28B29AB91EA3A53500B96828 /* ViewController.m */,
				28B29ABB1EA3A53500B96828 /* Main.storyboard */,
				28B29ABE1EA3A53500B96828 /* Assets.xcassets */,
				28B29AC01EA3A53500B96828 /* LaunchScreen.storyboard */,
				28B29AC31EA3A53500B96828 /* Info.plist */,
				28B29B201EA6349400B96828 /* Info-Tests.plist */,
				28B29B211EA6349400B96828 /* TDDSampleAppTests.m */,
				28B29AB21EA3A53500B96828 /* Supporting Files */,
				28B29B241EA65C2600B96828 /* TestingAppDelegate.h */,
				28B29B251EA65C2600B96828 /* TestingAppDelegate.m */,
			);
			path = TDDSampleApp;
			sourceTree = "<group>";
		};
		28B29AB21EA3A53500B96828 /* Supporting Files */ = {
			isa = PBXGroup;
			children = (
				28B29AB31EA3A53500B96828 /* main.m */,
			);
			name = "Supporting Files";
			sourceTree = "<group>";
		};
/* End PBXGroup section */

/* Begin PBXNativeTarget section */
		28B29AAE1EA3A53500B96828 /* TDDSampleApp */ = {
			isa = PBXNativeTarget;
			buildConfigurationList = 28B29AC61EA3A53500B96828 /* Build configuration list for PBXNativeTarget "TDDSampleApp" */;
			buildPhases = (
				28B29AAB1EA3A53500B96828 /* Sources */,
				28B29AAC1EA3A53500B96828 /* Frameworks */,
				28B29AAD1EA3A53500B96828 /* Resources */,
			);
			buildRules = (
			);
			dependencies = (
			);
			name = TDDSampleApp;
			productName = TDDSampleApp;
			productReference = 28B29AAF1EA3A53500B96828 /* TDDSampleApp.app */;
			productType = "com.apple.product-type.application";
		};
		28B29ACE1EA62F8300B96828 /* TDDSampleAppTests */ = {
			isa = PBXNativeTarget;
			buildConfigurationList = 28B29AD61EA62F8300B96828 /* Build configuration list for PBXNativeTarget "TDDSampleAppTests" */;
			buildPhases = (
				28B29ACB1EA62F8300B96828 /* Sources */,
				28B29ACC1EA62F8300B96828 /* Frameworks */,
				28B29ACD1EA62F8300B96828 /* Resources */,
			);
			buildRules = (
			);
			dependencies = (
				28B29AD51EA62F8300B96828 /* PBXTargetDependency */,
			);
			name = TDDSampleAppTests;
			productName = TDDSampleAppTests;
			productReference = 28B29ACF1EA62F8300B96828 /* TDDSampleAppTests.xctest */;
			productType = "com.apple.product-type.bundle.unit-test";
		};
/* End PBXNativeTarget section */

/* Begin PBXProject section */
		28B29AA71EA3A53500B96828 /* Project object */ = {
			isa = PBXProject;
			attributes = {
				LastUpgradeCheck = 0830;
				ORGANIZATIONNAME = "Oleg Pavlichenkov";
				TargetAttributes = {
					28B29AAE1EA3A53500B96828 = {
						CreatedOnToolsVersion = 8.3.1;
						DevelopmentTeam = 4Y4DUJVCEZ;
						ProvisioningStyle = Automatic;
					};
					28B29ACE1EA62F8300B96828 = {
						CreatedOnToolsVersion = 8.3.1;
						DevelopmentTeam = 4Y4DUJVCEZ;
						ProvisioningStyle = Automatic;
						TestTargetID = 28B29AAE1EA3A53500B96828;
					};
				};
			};
			buildConfigurationList = 28B29AAA1EA3A53500B96828 /* Build configuration list for PBXProject "TDDSampleApp" */;
			compatibilityVersion = "Xcode 3.2";
			developmentRegion = English;
			hasScannedForEncodings = 0;
			knownRegions = (
				en,
				Base,
			);
			mainGroup = 28B29AA61EA3A53500B96828;
			productRefGroup = 28B29AB01EA3A53500B96828 /* Products */;
			projectDirPath = "";
			projectRoot = "";
			targets = (
				28B29AAE1EA3A53500B96828 /* TDDSampleApp */,
				28B29ACE1EA62F8300B96828 /* TDDSampleAppTests */,
			);
		};
/* End PBXProject section */

/* Begin PBXResourcesBuildPhase section */
		28B29AAD1EA3A53500B96828 /* Resources */ = {
			isa = PBXResourcesBuildPhase;
			buildActionMask = 2147483647;
			files = (
				28B29AC21EA3A53500B96828 /* LaunchScreen.storyboard in Resources */,
				28B29ABF1EA3A53500B96828 /* Assets.xcassets in Resources */,
				28B29ABD1EA3A53500B96828 /* Main.storyboard in Resources */,
			);
			runOnlyForDeploymentPostprocessing = 0;
		};
		28B29ACD1EA62F8300B96828 /* Resources */ = {
			isa = PBXResourcesBuildPhase;
			buildActionMask = 2147483647;
			files = (
				28B29B221EA6349400B96828 /* Info-Tests.plist in Resources */,
			);
			runOnlyForDeploymentPostprocessing = 0;
		};
/* End PBXResourcesBuildPhase section */

/* Begin PBXSourcesBuildPhase section */
		28B29AAB1EA3A53500B96828 /* Sources */ = {
			isa = PBXSourcesBuildPhase;
			buildActionMask = 2147483647;
			files = (
				28B29ABA1EA3A53500B96828 /* ViewController.m in Sources */,
				28B29AB71EA3A53500B96828 /* AppDelegate.m in Sources */,
				28B29ACA1EA3B2D400B96828 /* MarvelKeys.m in Sources */,
				28B29AB41EA3A53500B96828 /* main.m in Sources */,
			);
			runOnlyForDeploymentPostprocessing = 0;
		};
		28B29ACB1EA62F8300B96828 /* Sources */ = {
			isa = PBXSourcesBuildPhase;
			buildActionMask = 2147483647;
			files = (
				28B29B231EA6349400B96828 /* TDDSampleAppTests.m in Sources */,
				28B29B261EA65C2600B96828 /* TestingAppDelegate.m in Sources */,
			);
			runOnlyForDeploymentPostprocessing = 0;
		};
/* End PBXSourcesBuildPhase section */

/* Begin PBXTargetDependency section */
		28B29AD51EA62F8300B96828 /* PBXTargetDependency */ = {
			isa = PBXTargetDependency;
			target = 28B29AAE1EA3A53500B96828 /* TDDSampleApp */;
			targetProxy = 28B29AD41EA62F8300B96828 /* PBXContainerItemProxy */;
		};
/* End PBXTargetDependency section */

/* Begin PBXVariantGroup section */
		28B29ABB1EA3A53500B96828 /* Main.storyboard */ = {
			isa = PBXVariantGroup;
			children = (
				28B29ABC1EA3A53500B96828 /* Base */,
			);
			name = Main.storyboard;
			sourceTree = "<group>";
		};
		28B29AC01EA3A53500B96828 /* LaunchScreen.storyboard */ = {
			isa = PBXVariantGroup;
			children = (
				28B29AC11EA3A53500B96828 /* Base */,
			);
			name = LaunchScreen.storyboard;
			sourceTree = "<group>";
		};
/* End PBXVariantGroup section */

/* Begin XCBuildConfiguration section */
		28B29AC41EA3A53500B96828 /* Debug */ = {
			isa = XCBuildConfiguration;
			buildSettings = {
				ALWAYS_SEARCH_USER_PATHS = NO;
				CLANG_ANALYZER_NONNULL = YES;
				CLANG_ANALYZER_NUMBER_OBJECT_CONVERSION = YES_AGGRESSIVE;
				CLANG_CXX_LANGUAGE_STANDARD = "gnu++0x";
				CLANG_CXX_LIBRARY = "libc++";
				CLANG_ENABLE_MODULES = YES;
				CLANG_ENABLE_OBJC_ARC = YES;
				CLANG_WARN_BOOL_CONVERSION = YES;
				CLANG_WARN_CONSTANT_CONVERSION = YES;
				CLANG_WARN_DIRECT_OBJC_ISA_USAGE = YES_ERROR;
				CLANG_WARN_DOCUMENTATION_COMMENTS = YES;
				CLANG_WARN_EMPTY_BODY = YES;
				CLANG_WARN_ENUM_CONVERSION = YES;
				CLANG_WARN_INFINITE_RECURSION = YES;
				CLANG_WARN_INT_CONVERSION = YES;
				CLANG_WARN_OBJC_ROOT_CLASS = YES_ERROR;
				CLANG_WARN_SUSPICIOUS_MOVE = YES;
				CLANG_WARN_UNREACHABLE_CODE = YES;
				CLANG_WARN__DUPLICATE_METHOD_MATCH = YES;
				"CODE_SIGN_IDENTITY[sdk=iphoneos*]" = "iPhone Developer";
				COPY_PHASE_STRIP = NO;
				DEBUG_INFORMATION_FORMAT = dwarf;
				ENABLE_STRICT_OBJC_MSGSEND = YES;
				ENABLE_TESTABILITY = YES;
				GCC_C_LANGUAGE_STANDARD = gnu99;
				GCC_DYNAMIC_NO_PIC = NO;
				GCC_NO_COMMON_BLOCKS = YES;
				GCC_OPTIMIZATION_LEVEL = 0;
				GCC_PREPROCESSOR_DEFINITIONS = (
					"DEBUG=1",
					"$(inherited)",
				);
				GCC_WARN_64_TO_32_BIT_CONVERSION = YES;
				GCC_WARN_ABOUT_RETURN_TYPE = YES_ERROR;
				GCC_WARN_UNDECLARED_SELECTOR = YES;
				GCC_WARN_UNINITIALIZED_AUTOS = YES_AGGRESSIVE;
				GCC_WARN_UNUSED_FUNCTION = YES;
				GCC_WARN_UNUSED_VARIABLE = YES;
				IPHONEOS_DEPLOYMENT_TARGET = 10.3;
				MTL_ENABLE_DEBUG_INFO = YES;
				ONLY_ACTIVE_ARCH = YES;
				SDKROOT = iphoneos;
			};
			name = Debug;
		};
		28B29AC51EA3A53500B96828 /* Release */ = {
			isa = XCBuildConfiguration;
			buildSettings = {
				ALWAYS_SEARCH_USER_PATHS = NO;
				CLANG_ANALYZER_NONNULL = YES;
				CLANG_ANALYZER_NUMBER_OBJECT_CONVERSION = YES_AGGRESSIVE;
				CLANG_CXX_LANGUAGE_STANDARD = "gnu++0x";
				CLANG_CXX_LIBRARY = "libc++";
				CLANG_ENABLE_MODULES = YES;
				CLANG_ENABLE_OBJC_ARC = YES;
				CLANG_WARN_BOOL_CONVERSION = YES;
				CLANG_WARN_CONSTANT_CONVERSION = YES;
				CLANG_WARN_DIRECT_OBJC_ISA_USAGE = YES_ERROR;
				CLANG_WARN_DOCUMENTATION_COMMENTS = YES;
				CLANG_WARN_EMPTY_BODY = YES;
				CLANG_WARN_ENUM_CONVERSION = YES;
				CLANG_WARN_INFINITE_RECURSION = YES;
				CLANG_WARN_INT_CONVERSION = YES;
				CLANG_WARN_OBJC_ROOT_CLASS = YES_ERROR;
				CLANG_WARN_SUSPICIOUS_MOVE = YES;
				CLANG_WARN_UNREACHABLE_CODE = YES;
				CLANG_WARN__DUPLICATE_METHOD_MATCH = YES;
				"CODE_SIGN_IDENTITY[sdk=iphoneos*]" = "iPhone Developer";
				COPY_PHASE_STRIP = NO;
				DEBUG_INFORMATION_FORMAT = "dwarf-with-dsym";
				ENABLE_NS_ASSERTIONS = NO;
				ENABLE_STRICT_OBJC_MSGSEND = YES;
				GCC_C_LANGUAGE_STANDARD = gnu99;
				GCC_NO_COMMON_BLOCKS = YES;
				GCC_WARN_64_TO_32_BIT_CONVERSION = YES;
				GCC_WARN_ABOUT_RETURN_TYPE = YES_ERROR;
				GCC_WARN_UNDECLARED_SELECTOR = YES;
				GCC_WARN_UNINITIALIZED_AUTOS = YES_AGGRESSIVE;
				GCC_WARN_UNUSED_FUNCTION = YES;
				GCC_WARN_UNUSED_VARIABLE = YES;
				IPHONEOS_DEPLOYMENT_TARGET = 10.3;
				MTL_ENABLE_DEBUG_INFO = NO;
				SDKROOT = iphoneos;
				VALIDATE_PRODUCT = YES;
			};
			name = Release;
		};
		28B29AC71EA3A53500B96828 /* Debug */ = {
			isa = XCBuildConfiguration;
			buildSettings = {
				ASSETCATALOG_COMPILER_APPICON_NAME = AppIcon;
				DEVELOPMENT_TEAM = 4Y4DUJVCEZ;
				INFOPLIST_FILE = TDDSampleApp/Info.plist;
				LD_RUNPATH_SEARCH_PATHS = "$(inherited) @executable_path/Frameworks";
				PRODUCT_BUNDLE_IDENTIFIER = "com.just-eng.TDDSampleApp";
				PRODUCT_NAME = "$(TARGET_NAME)";
			};
			name = Debug;
		};
		28B29AC81EA3A53500B96828 /* Release */ = {
			isa = XCBuildConfiguration;
			buildSettings = {
				ASSETCATALOG_COMPILER_APPICON_NAME = AppIcon;
				DEVELOPMENT_TEAM = 4Y4DUJVCEZ;
				INFOPLIST_FILE = TDDSampleApp/Info.plist;
				LD_RUNPATH_SEARCH_PATHS = "$(inherited) @executable_path/Frameworks";
				PRODUCT_BUNDLE_IDENTIFIER = "com.just-eng.TDDSampleApp";
				PRODUCT_NAME = "$(TARGET_NAME)";
			};
			name = Release;
		};
		28B29AD71EA62F8300B96828 /* Debug */ = {
			isa = XCBuildConfiguration;
			buildSettings = {
				BUNDLE_LOADER = "$(TEST_HOST)";
				DEVELOPMENT_TEAM = 4Y4DUJVCEZ;
				INFOPLIST_FILE = "TDDSampleAppTests/Info-Tests.plist";
				LD_RUNPATH_SEARCH_PATHS = "$(inherited) @executable_path/Frameworks @loader_path/Frameworks";
				PRODUCT_BUNDLE_IDENTIFIER = "com.just-eng.TDDSampleAppTests";
				PRODUCT_NAME = "$(TARGET_NAME)";
				TEST_HOST = "$(BUILT_PRODUCTS_DIR)/TDDSampleApp.app/TDDSampleApp";
			};
			name = Debug;
		};
		28B29AD81EA62F8300B96828 /* Release */ = {
			isa = XCBuildConfiguration;
			buildSettings = {
				BUNDLE_LOADER = "$(TEST_HOST)";
				DEVELOPMENT_TEAM = 4Y4DUJVCEZ;
				INFOPLIST_FILE = "TDDSampleAppTests/Info-Tests.plist";
				LD_RUNPATH_SEARCH_PATHS = "$(inherited) @executable_path/Frameworks @loader_path/Frameworks";
				PRODUCT_BUNDLE_IDENTIFIER = "com.just-eng.TDDSampleAppTests";
				PRODUCT_NAME = "$(TARGET_NAME)";
				TEST_HOST = "$(BUILT_PRODUCTS_DIR)/TDDSampleApp.app/TDDSampleApp";
			};
			name = Release;
		};
/* End XCBuildConfiguration section */

/* Begin XCConfigurationList section */
		28B29AAA1EA3A53500B96828 /* Build configuration list for PBXProject "TDDSampleApp" */ = {
			isa = XCConfigurationList;
			buildConfigurations = (
				28B29AC41EA3A53500B96828 /* Debug */,
				28B29AC51EA3A53500B96828 /* Release */,
			);
			defaultConfigurationIsVisible = 0;
			defaultConfigurationName = Release;
		};
		28B29AC61EA3A53500B96828 /* Build configuration list for PBXNativeTarget "TDDSampleApp" */ = {
			isa = XCConfigurationList;
			buildConfigurations = (
				28B29AC71EA3A53500B96828 /* Debug */,
				28B29AC81EA3A53500B96828 /* Release */,
			);
			defaultConfigurationIsVisible = 0;
		};
		28B29AD61EA62F8300B96828 /* Build configuration list for PBXNativeTarget "TDDSampleAppTests" */ = {
			isa = XCConfigurationList;
			buildConfigurations = (
				28B29AD71EA62F8300B96828 /* Debug */,
				28B29AD81EA62F8300B96828 /* Release */,
			);
			defaultConfigurationIsVisible = 0;
		};
/* End XCConfigurationList section */
	};
	rootObject = 28B29AA71EA3A53500B96828 /* Project object */;
}
